
Microsoft Visual Studio Solution File, Format Version 12.00
# Visual Studio Version 17
VisualStudioVersion = 17.0.32112.339
MinimumVisualStudioVersion = 10.0.40219.1
Project("{FAE04EC0-301F-11D3-BF4B-00C04F79EFBC}") = "Task12NetCoreBackEnd", "Task12NetCoreBackEnd\Task12NetCoreBackEnd.csproj", "{DD93CA04-DFB6-43B4-BCB9-2337732D1B10}"
EndProject
Global
	GlobalSection(SolutionConfigurationPlatforms) = preSolution
		Debug|Any CPU = Debug|Any CPU
		Release|Any CPU = Release|Any CPU
	EndGlobalSection
	GlobalSection(ProjectConfigurationPlatforms) = postSolution
		{DD93CA04-DFB6-43B4-BCB9-2337732D1B10}.Debug|Any CPU.ActiveCfg = Debug|Any CPU
		{DD93CA04-DFB6-43B4-BCB9-2337732D1B10}.Debug|Any CPU.Build.0 = Debug|Any CPU
		{DD93CA04-DFB6-43B4-BCB9-2337732D1B10}.Release|Any CPU.ActiveCfg = Release|Any CPU
		{DD93CA04-DFB6-43B4-BCB9-2337732D1B10}.Release|Any CPU.Build.0 = Release|Any CPU
	EndGlobalSection
	GlobalSection(SolutionProperties) = preSolution
		HideSolutionNode = FALSE
	EndGlobalSection
	GlobalSection(ExtensibilityGlobals) = postSolution
		SolutionGuid = {F6076DE7-65D8-44DF-8CB3-DDB22D0CB430}
	EndGlobalSection
EndGlobal
